
Microsoft Visual Studio Solution File, Format Version 12.00
# Visual Studio Version 17
VisualStudioVersion = 17.8.34525.116
MinimumVisualStudioVersion = 10.0.40219.1
Project("{9A19103F-16F7-4668-BE54-9A1E7A4F7556}") = "CollectionManager", "CollectionManager\CollectionManager.csproj", "{F7E93B8F-4812-49A8-8C6E-FEB6F901B6BF}"
EndProject
Global
	GlobalSection(SolutionConfigurationPlatforms) = preSolution
		Debug|Any CPU = Debug|Any CPU
		Release|Any CPU = Release|Any CPU
	EndGlobalSection
	GlobalSection(ProjectConfigurationPlatforms) = postSolution
		{F7E93B8F-4812-49A8-8C6E-FEB6F901B6BF}.Debug|Any CPU.ActiveCfg = Debug|Any CPU
		{F7E93B8F-4812-49A8-8C6E-FEB6F901B6BF}.Debug|Any CPU.Build.0 = Debug|Any CPU
		{F7E93B8F-4812-49A8-8C6E-FEB6F901B6BF}.Release|Any CPU.ActiveCfg = Release|Any CPU
		{F7E93B8F-4812-49A8-8C6E-FEB6F901B6BF}.Release|Any CPU.Build.0 = Release|Any CPU
	EndGlobalSection
	GlobalSection(SolutionProperties) = preSolution
		HideSolutionNode = FALSE
	EndGlobalSection
	GlobalSection(ExtensibilityGlobals) = postSolution
		SolutionGuid = {C9122B6D-F4AD-4E88-B4CB-0A63968352D7}
	EndGlobalSection
EndGlobal
